dependencies:
- name: project-contour
  repository: https://nolte.github.io/argo-charts/
  version: 1.1.0
- name: cert-manager
  repository: https://nolte.github.io/argo-charts/
  version: 1.1.0
- name: monitoring
  repository: https://nolte.github.io/argo-charts/
  version: 1.1.0
digest: sha256:7d09a7d8a920d92eaa50b1e16c792cdee6041b1683933aa93d027fe29e9888e8
generated: "2021-01-31T16:59:57.386425613+01:00"
