dependencies:
- name: project-contour
  repository: file://../../apps/project-contour
  version: 1.0.0
- name: cert-manager
  repository: file://../../apps/cert-manager
  version: 1.0.0
- name: monitoring
  repository: file://../../apps/monitoring
  version: 1.0.0
digest: sha256:cef3e902b126c0b3b5a853b2ccab548035c666c86e75e64221592bceadc21cdf
generated: "2021-01-31T15:09:47.336184789+01:00"
