dependencies:
- name: minio
  repository: file://../../apps/minio
  version: 1.0.0
- name: argo-workflow
  repository: file://../../apps/argo-workflow
  version: 1.0.0
- name: argocd-image-updater
  repository: file://../../apps/argocd-image-updater
  version: 1.0.0
- name: argo-cd
  repository: file://../../apps/argo-cd
  version: 1.0.0
digest: sha256:da5dc40a7a35ad08ce299140ed3767384cb5b50023a72b7ad372793cde023809
generated: "2021-01-31T15:09:57.842890366+01:00"
